// !$*UTF8*$!
{
	archiveVersion = 1;
	classes = {
	};
	objectVersion = 46;
	objects = {

/* Begin PBXBuildFile section */
		27E29C001CCBC7D300B34F6A /* AppDelegate.swift in Sources */ = {isa = PBXBuildFile; fileRef = 27E29BFF1CCBC7D300B34F6A /* AppDelegate.swift */; };
		27E29C021CCBC7D300B34F6A /* ViewController.swift in Sources */ = {isa = PBXBuildFile; fileRef = 27E29C011CCBC7D300B34F6A /* ViewController.swift */; };
		27E29C051CCBC7D400B34F6A /* Main.storyboard in Resources */ = {isa = PBXBuildFile; fileRef = 27E29C031CCBC7D400B34F6A /* Main.storyboard */; };
		27E29C071CCBC7D400B34F6A /* Assets.xcassets in Resources */ = {isa = PBXBuildFile; fileRef = 27E29C061CCBC7D400B34F6A /* Assets.xcassets */; };
		27E29C0A1CCBC7D400B34F6A /* LaunchScreen.storyboard in Resources */ = {isa = PBXBuildFile; fileRef = 27E29C081CCBC7D400B34F6A /* LaunchScreen.storyboard */; };
		27E29C121CCBCE4800B34F6A /* DetailsViewController.swift in Sources */ = {isa = PBXBuildFile; fileRef = 27E29C111CCBCE4800B34F6A /* DetailsViewController.swift */; };
		27E29C141CCCC63400B34F6A /* CustomNavigationController.swift in Sources */ = {isa = PBXBuildFile; fileRef = 27E29C131CCCC63400B34F6A /* CustomNavigationController.swift */; };
/* End PBXBuildFile section */

/* Begin PBXFileReference section */
		27E29BFC1CCBC7D300B34F6A /* SwipeBackGesture.app */ = {isa = PBXFileReference; explicitFileType = wrapper.application; includeInIndex = 0; path = SwipeBackGesture.app; sourceTree = BUILT_PRODUCTS_DIR; };
		27E29BFF1CCBC7D300B34F6A /* AppDelegate.swift */ = {isa = PBXFileReference; lastKnownFileType = sourcecode.swift; path = AppDelegate.swift; sourceTree = "<group>"; };
		27E29C011CCBC7D300B34F6A /* ViewController.swift */ = {isa = PBXFileReference; lastKnownFileType = sourcecode.swift; path = ViewController.swift; sourceTree = "<group>"; };
		27E29C041CCBC7D400B34F6A /* Base */ = {isa = PBXFileReference; lastKnownFileType = file.storyboard; name = Base; path = Base.lproj/Main.storyboard; sourceTree = "<group>"; };
		27E29C061CCBC7D400B34F6A /* Assets.xcassets */ = {isa = PBXFileReference; lastKnownFileType = folder.assetcatalog; path = Assets.xcassets; sourceTree = "<group>"; };
		27E29C091CCBC7D400B34F6A /* Base */ = {isa = PBXFileReference; lastKnownFileType = file.storyboard; name = Base; path = Base.lproj/LaunchScreen.storyboard; sourceTree = "<group>"; };
		27E29C0B1CCBC7D400B34F6A /* Info.plist */ = {isa = PBXFileReference; lastKnownFileType = text.plist.xml; path = Info.plist; sourceTree = "<group>"; };
		27E29C111CCBCE4800B34F6A /* DetailsViewController.swift */ = {isa = PBXFileReference; fileEncoding = 4; lastKnownFileType = sourcecode.swift; path = DetailsViewController.swift; sourceTree = "<group>"; };
		27E29C131CCCC63400B34F6A /* CustomNavigationController.swift */ = {isa = PBXFileReference; fileEncoding = 4; lastKnownFileType = sourcecode.swift; path = CustomNavigationController.swift; sourceTree = "<group>"; };
/* End PBXFileReference section */

/* Begin PBXFrameworksBuildPhase section */
		27E29BF91CCBC7D300B34F6A /* Frameworks */ = {
			isa = PBXFrameworksBuildPhase;
			buildActionMask = 2147483647;
			files = (
			);
			runOnlyForDeploymentPostprocessing = 0;
		};
/* End PBXFrameworksBuildPhase section */

/* Begin PBXGroup section */
		27E29BF31CCBC7D300B34F6A = {
			isa = PBXGroup;
			children = (
				27E29BFE1CCBC7D300B34F6A /* SwipeBackGesture */,
				27E29BFD1CCBC7D300B34F6A /* Products */,
			);
			sourceTree = "<group>";
		};
		27E29BFD1CCBC7D300B34F6A /* Products */ = {
			isa = PBXGroup;
			children = (
				27E29BFC1CCBC7D300B34F6A /* SwipeBackGesture.app */,
			);
			name = Products;
			sourceTree = "<group>";
		};
		27E29BFE1CCBC7D300B34F6A /* SwipeBackGesture */ = {
			isa = PBXGroup;
			children = (
				27E29BFF1CCBC7D300B34F6A /* AppDelegate.swift */,
				27E29C011CCBC7D300B34F6A /* ViewController.swift */,
				27E29C031CCBC7D400B34F6A /* Main.storyboard */,
				27E29C061CCBC7D400B34F6A /* Assets.xcassets */,
				27E29C081CCBC7D400B34F6A /* LaunchScreen.storyboard */,
				27E29C0B1CCBC7D400B34F6A /* Info.plist */,
				27E29C111CCBCE4800B34F6A /* DetailsViewController.swift */,
				27E29C131CCCC63400B34F6A /* CustomNavigationController.swift */,
			);
			path = SwipeBackGesture;
			sourceTree = "<group>";
		};
/* End PBXGroup section */

/* Begin PBXNativeTarget section */
		27E29BFB1CCBC7D300B34F6A /* SwipeBackGesture */ = {
			isa = PBXNativeTarget;
			buildConfigurationList = 27E29C0E1CCBC7D400B34F6A /* Build configuration list for PBXNativeTarget "SwipeBackGesture" */;
			buildPhases = (
				27E29BF81CCBC7D300B34F6A /* Sources */,
				27E29BF91CCBC7D300B34F6A /* Frameworks */,
				27E29BFA1CCBC7D300B34F6A /* Resources */,
			);
			buildRules = (
			);
			dependencies = (
			);
			name = SwipeBackGesture;
			productName = SwipeBackGesture;
			productReference = 27E29BFC1CCBC7D300B34F6A /* SwipeBackGesture.app */;
			productType = "com.apple.product-type.application";
		};
/* End PBXNativeTarget section */

/* Begin PBXProject section */
		27E29BF41CCBC7D300B34F6A /* Project object */ = {
			isa = PBXProject;
			attributes = {
				LastSwiftUpdateCheck = 0730;
				LastUpgradeCheck = 0730;
				ORGANIZATIONNAME = FDT;
				TargetAttributes = {
					27E29BFB1CCBC7D300B34F6A = {
						CreatedOnToolsVersion = 7.3;
					};
				};
			};
			buildConfigurationList = 27E29BF71CCBC7D300B34F6A /* Build configuration list for PBXProject "SwipeBackGesture" */;
			compatibilityVersion = "Xcode 3.2";
			developmentRegion = English;
			hasScannedForEncodings = 0;
			knownRegions = (
				en,
				Base,
			);
			mainGroup = 27E29BF31CCBC7D300B34F6A;
			productRefGroup = 27E29BFD1CCBC7D300B34F6A /* Products */;
			projectDirPath = "";
			projectRoot = "";
			targets = (
				27E29BFB1CCBC7D300B34F6A /* SwipeBackGesture */,
			);
		};
/* End PBXProject section */

/* Begin PBXResourcesBuildPhase section */
		27E29BFA1CCBC7D300B34F6A /* Resources */ = {
			isa = PBXResourcesBuildPhase;
			buildActionMask = 2147483647;
			files = (
				27E29C0A1CCBC7D400B34F6A /* LaunchScreen.storyboard in Resources */,
				27E29C071CCBC7D400B34F6A /* Assets.xcassets in Resources */,
				27E29C051CCBC7D400B34F6A /* Main.storyboard in Resources */,
			);
			runOnlyForDeploymentPostprocessing = 0;
		};
/* End PBXResourcesBuildPhase section */

/* Begin PBXSourcesBuildPhase section */
		27E29BF81CCBC7D300B34F6A /* Sources */ = {
			isa = PBXSourcesBuildPhase;
			buildActionMask = 2147483647;
			files = (
				27E29C141CCCC63400B34F6A /* CustomNavigationController.swift in Sources */,
				27E29C021CCBC7D300B34F6A /* ViewController.swift in Sources */,
				27E29C001CCBC7D300B34F6A /* AppDelegate.swift in Sources */,
				27E29C121CCBCE4800B34F6A /* DetailsViewController.swift in Sources */,
			);
			runOnlyForDeploymentPostprocessing = 0;
		};
/* End PBXSourcesBuildPhase section */

/* Begin PBXVariantGroup section */
		27E29C031CCBC7D400B34F6A /* Main.storyboard */ = {
			isa = PBXVariantGroup;
			children = (
				27E29C041CCBC7D400B34F6A /* Base */,
			);
			name = Main.storyboard;
			sourceTree = "<group>";
		};
		27E29C081CCBC7D400B34F6A /* LaunchScreen.storyboard */ = {
			isa = PBXVariantGroup;
			children = (
				27E29C091CCBC7D400B34F6A /* Base */,
			);
			name = LaunchScreen.storyboard;
			sourceTree = "<group>";
		};
/* End PBXVariantGroup section */

/* Begin XCBuildConfiguration section */
		27E29C0C1CCBC7D400B34F6A /* Debug */ = {
			isa = XCBuildConfiguration;
			buildSettings = {
				ALWAYS_SEARCH_USER_PATHS = NO;
				CLANG_ANALYZER_NONNULL = YES;
				CLANG_CXX_LANGUAGE_STANDARD = "gnu++0x";
				CLANG_CXX_LIBRARY = "libc++";
				CLANG_ENABLE_MODULES = YES;
				CLANG_ENABLE_OBJC_ARC = YES;
				CLANG_WARN_BOOL_CONVERSION = YES;
				CLANG_WARN_CONSTANT_CONVERSION = YES;
				CLANG_WARN_DIRECT_OBJC_ISA_USAGE = YES_ERROR;
				CLANG_WARN_EMPTY_BODY = YES;
				CLANG_WARN_ENUM_CONVERSION = YES;
				CLANG_WARN_INT_CONVERSION = YES;
				CLANG_WARN_OBJC_ROOT_CLASS = YES_ERROR;
				CLANG_WARN_UNREACHABLE_CODE = YES;
				CLANG_WARN__DUPLICATE_METHOD_MATCH = YES;
				"CODE_SIGN_IDENTITY[sdk=iphoneos*]" = "iPhone Developer";
				COPY_PHASE_STRIP = NO;
				DEBUG_INFORMATION_FORMAT = dwarf;
				ENABLE_STRICT_OBJC_MSGSEND = YES;
				ENABLE_TESTABILITY = YES;
				GCC_C_LANGUAGE_STANDARD = gnu99;
				GCC_DYNAMIC_NO_PIC = NO;
				GCC_NO_COMMON_BLOCKS = YES;
				GCC_OPTIMIZATION_LEVEL = 0;
				GCC_PREPROCESSOR_DEFINITIONS = (
					"DEBUG=1",
					"$(inherited)",
				);
				GCC_WARN_64_TO_32_BIT_CONVERSION = YES;
				GCC_WARN_ABOUT_RETURN_TYPE = YES_ERROR;
				GCC_WARN_UNDECLARED_SELECTOR = YES;
				GCC_WARN_UNINITIALIZED_AUTOS = YES_AGGRESSIVE;
				GCC_WARN_UNUSED_FUNCTION = YES;
				GCC_WARN_UNUSED_VARIABLE = YES;
				IPHONEOS_DEPLOYMENT_TARGET = 9.3;
				MTL_ENABLE_DEBUG_INFO = YES;
				ONLY_ACTIVE_ARCH = YES;
				SDKROOT = iphoneos;
				SWIFT_OPTIMIZATION_LEVEL = "-Onone";
				TARGETED_DEVICE_FAMILY = "1,2";
			};
			name = Debug;
		};
		27E29C0D1CCBC7D400B34F6A /* Release */ = {
			isa = XCBuildConfiguration;
			buildSettings = {
				ALWAYS_SEARCH_USER_PATHS = NO;
				CLANG_ANALYZER_NONNULL = YES;
				CLANG_CXX_LANGUAGE_STANDARD = "gnu++0x";
				CLANG_CXX_LIBRARY = "libc++";
				CLANG_ENABLE_MODULES = YES;
				CLANG_ENABLE_OBJC_ARC = YES;
				CLANG_WARN_BOOL_CONVERSION = YES;
				CLANG_WARN_CONSTANT_CONVERSION = YES;
				CLANG_WARN_DIRECT_OBJC_ISA_USAGE = YES_ERROR;
				CLANG_WARN_EMPTY_BODY = YES;
				CLANG_WARN_ENUM_CONVERSION = YES;
				CLANG_WARN_INT_CONVERSION = YES;
				CLANG_WARN_OBJC_ROOT_CLASS = YES_ERROR;
				CLANG_WARN_UNREACHABLE_CODE = YES;
				CLANG_WARN__DUPLICATE_METHOD_MATCH = YES;
				"CODE_SIGN_IDENTITY[sdk=iphoneos*]" = "iPhone Developer";
				COPY_PHASE_STRIP = NO;
				DEBUG_INFORMATION_FORMAT = "dwarf-with-dsym";
				ENABLE_NS_ASSERTIONS = NO;
				ENABLE_STRICT_OBJC_MSGSEND = YES;
				GCC_C_LANGUAGE_STANDARD = gnu99;
				GCC_NO_COMMON_BLOCKS = YES;
				GCC_WARN_64_TO_32_BIT_CONVERSION = YES;
				GCC_WARN_ABOUT_RETURN_TYPE = YES_ERROR;
				GCC_WARN_UNDECLARED_SELECTOR = YES;
				GCC_WARN_UNINITIALIZED_AUTOS = YES_AGGRESSIVE;
				GCC_WARN_UNUSED_FUNCTION = YES;
				GCC_WARN_UNUSED_VARIABLE = YES;
				IPHONEOS_DEPLOYMENT_TARGET = 9.3;
				MTL_ENABLE_DEBUG_INFO = NO;
				SDKROOT = iphoneos;
				TARGETED_DEVICE_FAMILY = "1,2";
				VALIDATE_PRODUCT = YES;
			};
			name = Release;
		};
		27E29C0F1CCBC7D400B34F6A /* Debug */ = {
			isa = XCBuildConfiguration;
			buildSettings = {
				ASSETCATALOG_COMPILER_APPICON_NAME = AppIcon;
				INFOPLIST_FILE = SwipeBackGesture/Info.plist;
				LD_RUNPATH_SEARCH_PATHS = "$(inherited) @executable_path/Frameworks";
				PRODUCT_BUNDLE_IDENTIFIER = com.fdt.SwipeBackGesture;
				PRODUCT_NAME = "$(TARGET_NAME)";
			};
			name = Debug;
		};
		27E29C101CCBC7D400B34F6A /* Release */ = {
			isa = XCBuildConfiguration;
			buildSettings = {
				ASSETCATALOG_COMPILER_APPICON_NAME = AppIcon;
				INFOPLIST_FILE = SwipeBackGesture/Info.plist;
				LD_RUNPATH_SEARCH_PATHS = "$(inherited) @executable_path/Frameworks";
				PRODUCT_BUNDLE_IDENTIFIER = com.fdt.SwipeBackGesture;
				PRODUCT_NAME = "$(TARGET_NAME)";
			};
			name = Release;
		};
/* End XCBuildConfiguration section */

/* Begin XCConfigurationList section */
		27E29BF71CCBC7D300B34F6A /* Build configuration list for PBXProject "SwipeBackGesture" */ = {
			isa = XCConfigurationList;
			buildConfigurations = (
				27E29C0C1CCBC7D400B34F6A /* Debug */,
				27E29C0D1CCBC7D400B34F6A /* Release */,
			);
			defaultConfigurationIsVisible = 0;
			defaultConfigurationName = Release;
		};
		27E29C0E1CCBC7D400B34F6A /* Build configuration list for PBXNativeTarget "SwipeBackGesture" */ = {
			isa = XCConfigurationList;
			buildConfigurations = (
				27E29C0F1CCBC7D400B34F6A /* Debug */,
				27E29C101CCBC7D400B34F6A /* Release */,
			);
			defaultConfigurationIsVisible = 0;
		};
/* End XCConfigurationList section */
	};
	rootObject = 27E29BF41CCBC7D300B34F6A /* Project object */;
}
